
Microsoft Visual Studio Solution File, Format Version 12.00
# Visual Studio Version 17
VisualStudioVersion = 17.12.35707.178
MinimumVisualStudioVersion = 10.0.40219.1
Project("{FAE04EC0-301F-11D3-BF4B-00C04F79EFBC}") = "Server", "src\Server\Server.csproj", "{D6074A8F-F985-458D-982E-524CD7E3AE4D}"
EndProject
Project("{FAE04EC0-301F-11D3-BF4B-00C04F79EFBC}") = "Client", "src\Client\Client.csproj", "{3A08C49F-E47E-4E86-A4D8-1341398E7D0F}"
EndProject
Project("{FAE04EC0-301F-11D3-BF4B-00C04F79EFBC}") = "Client2", "src\Client2\Client2.csproj", "{F4815DA7-F1C6-4C34-A25B-19D263ECD0E9}"
EndProject
Global
	GlobalSection(SolutionConfigurationPlatforms) = preSolution
		Debug|Any CPU = Debug|Any CPU
		Release|Any CPU = Release|Any CPU
	EndGlobalSection
	GlobalSection(ProjectConfigurationPlatforms) = postSolution
		{D6074A8F-F985-458D-982E-524CD7E3AE4D}.Debug|Any CPU.ActiveCfg = Debug|Any CPU
		{D6074A8F-F985-458D-982E-524CD7E3AE4D}.Debug|Any CPU.Build.0 = Debug|Any CPU
		{D6074A8F-F985-458D-982E-524CD7E3AE4D}.Release|Any CPU.ActiveCfg = Release|Any CPU
		{D6074A8F-F985-458D-982E-524CD7E3AE4D}.Release|Any CPU.Build.0 = Release|Any CPU
		{3A08C49F-E47E-4E86-A4D8-1341398E7D0F}.Debug|Any CPU.ActiveCfg = Debug|Any CPU
		{3A08C49F-E47E-4E86-A4D8-1341398E7D0F}.Debug|Any CPU.Build.0 = Debug|Any CPU
		{3A08C49F-E47E-4E86-A4D8-1341398E7D0F}.Release|Any CPU.ActiveCfg = Release|Any CPU
		{3A08C49F-E47E-4E86-A4D8-1341398E7D0F}.Release|Any CPU.Build.0 = Release|Any CPU
		{F4815DA7-F1C6-4C34-A25B-19D263ECD0E9}.Debug|Any CPU.ActiveCfg = Debug|Any CPU
		{F4815DA7-F1C6-4C34-A25B-19D263ECD0E9}.Debug|Any CPU.Build.0 = Debug|Any CPU
		{F4815DA7-F1C6-4C34-A25B-19D263ECD0E9}.Release|Any CPU.ActiveCfg = Release|Any CPU
		{F4815DA7-F1C6-4C34-A25B-19D263ECD0E9}.Release|Any CPU.Build.0 = Release|Any CPU
	EndGlobalSection
	GlobalSection(SolutionProperties) = preSolution
		HideSolutionNode = FALSE
	EndGlobalSection
EndGlobal
